
Microsoft Visual Studio Solution File, Format Version 11.00
# Visual Studio 2010
Project("{FAE04EC0-301F-11D3-BF4B-00C04F79EFBC}") = "DesktopShell", "DesktopShell\DesktopShell.csproj", "{C0CF9377-E469-46EF-BBA0-C4223A50FCD1}"
EndProject
Global
	GlobalSection(SolutionConfigurationPlatforms) = preSolution
		Debug|x86 = Debug|x86
		Release|x86 = Release|x86
	EndGlobalSection
	GlobalSection(ProjectConfigurationPlatforms) = postSolution
		{C0CF9377-E469-46EF-BBA0-C4223A50FCD1}.Debug|x86.ActiveCfg = Debug|x86
		{C0CF9377-E469-46EF-BBA0-C4223A50FCD1}.Debug|x86.Build.0 = Debug|x86
		{C0CF9377-E469-46EF-BBA0-C4223A50FCD1}.Release|x86.ActiveCfg = Release|x86
		{C0CF9377-E469-46EF-BBA0-C4223A50FCD1}.Release|x86.Build.0 = Release|x86
	EndGlobalSection
	GlobalSection(SolutionProperties) = preSolution
		HideSolutionNode = FALSE
	EndGlobalSection
	GlobalSection(ExtensibilityGlobals) = postSolution
		BuildVersion_AssemblyInfoFilename = DesktopShell\Properties\AssemblyInfo.cs
		BuildVersion_BuildVersioningStyle = None.None.Increment.TimeStamp
		BuildVersion_StartDate = 2011/12/9
		BuildVersion_UpdateFileVersion = True
		BuildVersion_UpdateAssemblyVersion = True
	EndGlobalSection
EndGlobal
